
Microsoft Visual Studio Solution File, Format Version 12.00
# Visual Studio Version 17
VisualStudioVersion = 17.0.31903.59
MinimumVisualStudioVersion = 10.0.40219.1
Project("{FAE04EC0-301F-11D3-BF4B-00C04F79EFBC}") = "Chronos", "Chronos\Chronos.csproj", "{684ACB08-65C6-44D2-988F-8F1785C43EE0}"
EndProject
Project("{FAE04EC0-301F-11D3-BF4B-00C04F79EFBC}") = "RandomTest", "RandomTest\RandomTest.csproj", "{009E44A4-804B-441C-BF7F-1648882C0370}"
EndProject
Project("{FAE04EC0-301F-11D3-BF4B-00C04F79EFBC}") = "RandDice", "RandDice\RandDice.csproj", "{BF02DB60-3676-446A-A2F0-ABD82502D86F}"
EndProject
Project("{FAE04EC0-301F-11D3-BF4B-00C04F79EFBC}") = "MyGame", "MyGame\MyGame.csproj", "{B85CC22E-B68A-4B97-96CE-4BFB02FE461C}"
EndProject
Global
	GlobalSection(SolutionConfigurationPlatforms) = preSolution
		Debug|Any CPU = Debug|Any CPU
		Release|Any CPU = Release|Any CPU
	EndGlobalSection
	GlobalSection(SolutionProperties) = preSolution
		HideSolutionNode = FALSE
	EndGlobalSection
	GlobalSection(ProjectConfigurationPlatforms) = postSolution
		{684ACB08-65C6-44D2-988F-8F1785C43EE0}.Debug|Any CPU.ActiveCfg = Debug|Any CPU
		{684ACB08-65C6-44D2-988F-8F1785C43EE0}.Debug|Any CPU.Build.0 = Debug|Any CPU
		{684ACB08-65C6-44D2-988F-8F1785C43EE0}.Release|Any CPU.ActiveCfg = Release|Any CPU
		{684ACB08-65C6-44D2-988F-8F1785C43EE0}.Release|Any CPU.Build.0 = Release|Any CPU
		{009E44A4-804B-441C-BF7F-1648882C0370}.Debug|Any CPU.ActiveCfg = Debug|Any CPU
		{009E44A4-804B-441C-BF7F-1648882C0370}.Debug|Any CPU.Build.0 = Debug|Any CPU
		{009E44A4-804B-441C-BF7F-1648882C0370}.Release|Any CPU.ActiveCfg = Release|Any CPU
		{009E44A4-804B-441C-BF7F-1648882C0370}.Release|Any CPU.Build.0 = Release|Any CPU
		{BF02DB60-3676-446A-A2F0-ABD82502D86F}.Debug|Any CPU.ActiveCfg = Debug|Any CPU
		{BF02DB60-3676-446A-A2F0-ABD82502D86F}.Debug|Any CPU.Build.0 = Debug|Any CPU
		{BF02DB60-3676-446A-A2F0-ABD82502D86F}.Release|Any CPU.ActiveCfg = Release|Any CPU
		{BF02DB60-3676-446A-A2F0-ABD82502D86F}.Release|Any CPU.Build.0 = Release|Any CPU
		{B85CC22E-B68A-4B97-96CE-4BFB02FE461C}.Debug|Any CPU.ActiveCfg = Debug|Any CPU
		{B85CC22E-B68A-4B97-96CE-4BFB02FE461C}.Debug|Any CPU.Build.0 = Debug|Any CPU
		{B85CC22E-B68A-4B97-96CE-4BFB02FE461C}.Release|Any CPU.ActiveCfg = Release|Any CPU
		{B85CC22E-B68A-4B97-96CE-4BFB02FE461C}.Release|Any CPU.Build.0 = Release|Any CPU
	EndGlobalSection
EndGlobal
